// !$*UTF8*$!
{
	archiveVersion = 1;
	classes = {
	};
	objectVersion = 50;
	objects = {

/* Begin PBXBuildFile section */
		93EEEFEA2102F266000FF7CD /* AppDelegate.swift in Sources */ = {isa = PBXBuildFile; fileRef = 93EEEFE92102F266000FF7CD /* AppDelegate.swift */; };
		93EEEFEC2102F266000FF7CD /* ViewController.swift in Sources */ = {isa = PBXBuildFile; fileRef = 93EEEFEB2102F266000FF7CD /* ViewController.swift */; };
		93EEEFEF2102F266000FF7CD /* Main.storyboard in Resources */ = {isa = PBXBuildFile; fileRef = 93EEEFED2102F266000FF7CD /* Main.storyboard */; };
		93EEEFF12102F266000FF7CD /* Assets.xcassets in Resources */ = {isa = PBXBuildFile; fileRef = 93EEEFF02102F266000FF7CD /* Assets.xcassets */; };
		93EEEFF42102F266000FF7CD /* LaunchScreen.storyboard in Resources */ = {isa = PBXBuildFile; fileRef = 93EEEFF22102F266000FF7CD /* LaunchScreen.storyboard */; };
		93EEF0022102F2A6000FF7CD /* AppDelegate.swift in Sources */ = {isa = PBXBuildFile; fileRef = 93EEF0012102F2A6000FF7CD /* AppDelegate.swift */; };
		93EEF0042102F2A7000FF7CD /* ViewController.swift in Sources */ = {isa = PBXBuildFile; fileRef = 93EEF0032102F2A7000FF7CD /* ViewController.swift */; };
		93EEF0072102F2A7000FF7CD /* Main.storyboard in Resources */ = {isa = PBXBuildFile; fileRef = 93EEF0052102F2A7000FF7CD /* Main.storyboard */; };
		93EEF0092102F2A7000FF7CD /* Assets.xcassets in Resources */ = {isa = PBXBuildFile; fileRef = 93EEF0082102F2A7000FF7CD /* Assets.xcassets */; };
		93EEF00C2102F2A7000FF7CD /* LaunchScreen.storyboard in Resources */ = {isa = PBXBuildFile; fileRef = 93EEF00A2102F2A7000FF7CD /* LaunchScreen.storyboard */; };
		93EEF0182102F2B8000FF7CD /* NotificationService.swift in Sources */ = {isa = PBXBuildFile; fileRef = 93EEF0172102F2B8000FF7CD /* NotificationService.swift */; };
		93EEF0212102F2C3000FF7CD /* SharedExtension.appex in Embed App Extensions */ = {isa = PBXBuildFile; fileRef = 93EEF0152102F2B8000FF7CD /* SharedExtension.appex */; settings = {ATTRIBUTES = (RemoveHeadersOnCopy, ); }; };
		93EEF0262102F3D1000FF7CD /* resolve_infoplist.sh in Resources */ = {isa = PBXBuildFile; fileRef = 93EEF0252102F3D1000FF7CD /* resolve_infoplist.sh */; };
		93EEF0282102FA46000FF7CD /* SharedExtension.appex in Embed App Extensions */ = {isa = PBXBuildFile; fileRef = 93EEF0152102F2B8000FF7CD /* SharedExtension.appex */; settings = {ATTRIBUTES = (RemoveHeadersOnCopy, ); }; };
/* End PBXBuildFile section */

/* Begin PBXContainerItemProxy section */
		93EEF0222102F2C3000FF7CD /* PBXContainerItemProxy */ = {
			isa = PBXContainerItemProxy;
			containerPortal = 93EEEFDE2102F266000FF7CD /* Project object */;
			proxyType = 1;
			remoteGlobalIDString = 93EEF0142102F2B8000FF7CD;
			remoteInfo = SharedExtension;
		};
		93EEF0292102FA46000FF7CD /* PBXContainerItemProxy */ = {
			isa = PBXContainerItemProxy;
			containerPortal = 93EEEFDE2102F266000FF7CD /* Project object */;
			proxyType = 1;
			remoteGlobalIDString = 93EEF0142102F2B8000FF7CD;
			remoteInfo = SharedExtension;
		};
/* End PBXContainerItemProxy section */

/* Begin PBXCopyFilesBuildPhase section */
		93EEF0242102F2C3000FF7CD /* Embed App Extensions */ = {
			isa = PBXCopyFilesBuildPhase;
			buildActionMask = 2147483647;
			dstPath = "";
			dstSubfolderSpec = 13;
			files = (
				93EEF0212102F2C3000FF7CD /* SharedExtension.appex in Embed App Extensions */,
			);
			name = "Embed App Extensions";
			runOnlyForDeploymentPostprocessing = 0;
		};
		93EEF02B2102FA47000FF7CD /* Embed App Extensions */ = {
			isa = PBXCopyFilesBuildPhase;
			buildActionMask = 2147483647;
			dstPath = "";
			dstSubfolderSpec = 13;
			files = (
				93EEF0282102FA46000FF7CD /* SharedExtension.appex in Embed App Extensions */,
			);
			name = "Embed App Extensions";
			runOnlyForDeploymentPostprocessing = 0;
		};
/* End PBXCopyFilesBuildPhase section */

/* Begin PBXFileReference section */
		93EEEFE62102F266000FF7CD /* EmployeeApp.app */ = {isa = PBXFileReference; explicitFileType = wrapper.application; includeInIndex = 0; path = EmployeeApp.app; sourceTree = BUILT_PRODUCTS_DIR; };
		93EEEFE92102F266000FF7CD /* AppDelegate.swift */ = {isa = PBXFileReference; lastKnownFileType = sourcecode.swift; path = AppDelegate.swift; sourceTree = "<group>"; };
		93EEEFEB2102F266000FF7CD /* ViewController.swift */ = {isa = PBXFileReference; lastKnownFileType = sourcecode.swift; path = ViewController.swift; sourceTree = "<group>"; };
		93EEEFEE2102F266000FF7CD /* Base */ = {isa = PBXFileReference; lastKnownFileType = file.storyboard; name = Base; path = Base.lproj/Main.storyboard; sourceTree = "<group>"; };
		93EEEFF02102F266000FF7CD /* Assets.xcassets */ = {isa = PBXFileReference; lastKnownFileType = folder.assetcatalog; path = Assets.xcassets; sourceTree = "<group>"; };
		93EEEFF32102F266000FF7CD /* Base */ = {isa = PBXFileReference; lastKnownFileType = file.storyboard; name = Base; path = Base.lproj/LaunchScreen.storyboard; sourceTree = "<group>"; };
		93EEEFF52102F266000FF7CD /* Info.plist */ = {isa = PBXFileReference; lastKnownFileType = text.plist.xml; path = Info.plist; sourceTree = "<group>"; };
		93EEEFFF2102F2A6000FF7CD /* CustomerApp.app */ = {isa = PBXFileReference; explicitFileType = wrapper.application; includeInIndex = 0; path = CustomerApp.app; sourceTree = BUILT_PRODUCTS_DIR; };
		93EEF0012102F2A6000FF7CD /* AppDelegate.swift */ = {isa = PBXFileReference; lastKnownFileType = sourcecode.swift; path = AppDelegate.swift; sourceTree = "<group>"; };
		93EEF0032102F2A7000FF7CD /* ViewController.swift */ = {isa = PBXFileReference; lastKnownFileType = sourcecode.swift; path = ViewController.swift; sourceTree = "<group>"; };
		93EEF0062102F2A7000FF7CD /* Base */ = {isa = PBXFileReference; lastKnownFileType = file.storyboard; name = Base; path = Base.lproj/Main.storyboard; sourceTree = "<group>"; };
		93EEF0082102F2A7000FF7CD /* Assets.xcassets */ = {isa = PBXFileReference; lastKnownFileType = folder.assetcatalog; path = Assets.xcassets; sourceTree = "<group>"; };
		93EEF00B2102F2A7000FF7CD /* Base */ = {isa = PBXFileReference; lastKnownFileType = file.storyboard; name = Base; path = Base.lproj/LaunchScreen.storyboard; sourceTree = "<group>"; };
		93EEF00D2102F2A7000FF7CD /* Info.plist */ = {isa = PBXFileReference; lastKnownFileType = text.plist.xml; path = Info.plist; sourceTree = "<group>"; };
		93EEF0152102F2B8000FF7CD /* SharedExtension.appex */ = {isa = PBXFileReference; explicitFileType = "wrapper.app-extension"; includeInIndex = 0; path = SharedExtension.appex; sourceTree = BUILT_PRODUCTS_DIR; };
		93EEF0172102F2B8000FF7CD /* NotificationService.swift */ = {isa = PBXFileReference; lastKnownFileType = sourcecode.swift; path = NotificationService.swift; sourceTree = "<group>"; };
		93EEF0192102F2B8000FF7CD /* Info.plist */ = {isa = PBXFileReference; lastKnownFileType = text.plist.xml; path = Info.plist; sourceTree = "<group>"; };
		93EEF0252102F3D1000FF7CD /* resolve_infoplist.sh */ = {isa = PBXFileReference; lastKnownFileType = text.script.sh; path = resolve_infoplist.sh; sourceTree = "<group>"; };
/* End PBXFileReference section */

/* Begin PBXFrameworksBuildPhase section */
		93EEEFE32102F266000FF7CD /* Frameworks */ = {
			isa = PBXFrameworksBuildPhase;
			buildActionMask = 2147483647;
			files = (
			);
			runOnlyForDeploymentPostprocessing = 0;
		};
		93EEEFFC2102F2A6000FF7CD /* Frameworks */ = {
			isa = PBXFrameworksBuildPhase;
			buildActionMask = 2147483647;
			files = (
			);
			runOnlyForDeploymentPostprocessing = 0;
		};
		93EEF0122102F2B8000FF7CD /* Frameworks */ = {
			isa = PBXFrameworksBuildPhase;
			buildActionMask = 2147483647;
			files = (
			);
			runOnlyForDeploymentPostprocessing = 0;
		};
/* End PBXFrameworksBuildPhase section */

/* Begin PBXGroup section */
		93EEEFDD2102F266000FF7CD = {
			isa = PBXGroup;
			children = (
				93EEEFE82102F266000FF7CD /* EmployeeApp */,
				93EEF0002102F2A6000FF7CD /* CustomerApp */,
				93EEF0162102F2B8000FF7CD /* SharedExtension */,
				93EEEFE72102F266000FF7CD /* Products */,
			);
			sourceTree = "<group>";
		};
		93EEEFE72102F266000FF7CD /* Products */ = {
			isa = PBXGroup;
			children = (
				93EEEFE62102F266000FF7CD /* EmployeeApp.app */,
				93EEEFFF2102F2A6000FF7CD /* CustomerApp.app */,
				93EEF0152102F2B8000FF7CD /* SharedExtension.appex */,
			);
			name = Products;
			sourceTree = "<group>";
		};
		93EEEFE82102F266000FF7CD /* EmployeeApp */ = {
			isa = PBXGroup;
			children = (
				93EEEFE92102F266000FF7CD /* AppDelegate.swift */,
				93EEEFEB2102F266000FF7CD /* ViewController.swift */,
				93EEEFED2102F266000FF7CD /* Main.storyboard */,
				93EEEFF02102F266000FF7CD /* Assets.xcassets */,
				93EEEFF22102F266000FF7CD /* LaunchScreen.storyboard */,
				93EEEFF52102F266000FF7CD /* Info.plist */,
			);
			path = EmployeeApp;
			sourceTree = "<group>";
		};
		93EEF0002102F2A6000FF7CD /* CustomerApp */ = {
			isa = PBXGroup;
			children = (
				93EEF0012102F2A6000FF7CD /* AppDelegate.swift */,
				93EEF0032102F2A7000FF7CD /* ViewController.swift */,
				93EEF0052102F2A7000FF7CD /* Main.storyboard */,
				93EEF0082102F2A7000FF7CD /* Assets.xcassets */,
				93EEF00A2102F2A7000FF7CD /* LaunchScreen.storyboard */,
				93EEF00D2102F2A7000FF7CD /* Info.plist */,
			);
			path = CustomerApp;
			sourceTree = "<group>";
		};
		93EEF0162102F2B8000FF7CD /* SharedExtension */ = {
			isa = PBXGroup;
			children = (
				93EEF0172102F2B8000FF7CD /* NotificationService.swift */,
				93EEF0192102F2B8000FF7CD /* Info.plist */,
				93EEF0252102F3D1000FF7CD /* resolve_infoplist.sh */,
			);
			path = SharedExtension;
			sourceTree = "<group>";
		};
/* End PBXGroup section */

/* Begin PBXNativeTarget section */
		93EEEFE52102F266000FF7CD /* EmployeeApp */ = {
			isa = PBXNativeTarget;
			buildConfigurationList = 93EEEFF82102F266000FF7CD /* Build configuration list for PBXNativeTarget "EmployeeApp" */;
			buildPhases = (
				93EEF0272102F59A000FF7CD /* Resolve Extension Info.plist */,
				93EEEFE22102F266000FF7CD /* Sources */,
				93EEEFE32102F266000FF7CD /* Frameworks */,
				93EEEFE42102F266000FF7CD /* Resources */,
				93EEF02B2102FA47000FF7CD /* Embed App Extensions */,
			);
			buildRules = (
			);
			dependencies = (
				93EEF02A2102FA46000FF7CD /* PBXTargetDependency */,
			);
			name = EmployeeApp;
			productName = CompanyApps;
			productReference = 93EEEFE62102F266000FF7CD /* EmployeeApp.app */;
			productType = "com.apple.product-type.application";
		};
		93EEEFFE2102F2A6000FF7CD /* CustomerApp */ = {
			isa = PBXNativeTarget;
			buildConfigurationList = 93EEF00E2102F2A7000FF7CD /* Build configuration list for PBXNativeTarget "CustomerApp" */;
			buildPhases = (
				93EEF02C2102FA63000FF7CD /* Resolve Extension Info.plist */,
				93EEEFFB2102F2A6000FF7CD /* Sources */,
				93EEEFFC2102F2A6000FF7CD /* Frameworks */,
				93EEEFFD2102F2A6000FF7CD /* Resources */,
				93EEF0242102F2C3000FF7CD /* Embed App Extensions */,
			);
			buildRules = (
			);
			dependencies = (
				93EEF0232102F2C3000FF7CD /* PBXTargetDependency */,
			);
			name = CustomerApp;
			productName = CustomerApp;
			productReference = 93EEEFFF2102F2A6000FF7CD /* CustomerApp.app */;
			productType = "com.apple.product-type.application";
		};
		93EEF0142102F2B8000FF7CD /* SharedExtension */ = {
			isa = PBXNativeTarget;
			buildConfigurationList = 93EEF01D2102F2B8000FF7CD /* Build configuration list for PBXNativeTarget "SharedExtension" */;
			buildPhases = (
				93EEF0112102F2B8000FF7CD /* Sources */,
				93EEF0122102F2B8000FF7CD /* Frameworks */,
				93EEF0132102F2B8000FF7CD /* Resources */,
			);
			buildRules = (
			);
			dependencies = (
			);
			name = SharedExtension;
			productName = SharedExtension;
			productReference = 93EEF0152102F2B8000FF7CD /* SharedExtension.appex */;
			productType = "com.apple.product-type.app-extension";
		};
/* End PBXNativeTarget section */

/* Begin PBXProject section */
		93EEEFDE2102F266000FF7CD /* Project object */ = {
			isa = PBXProject;
			attributes = {
				LastSwiftUpdateCheck = 1000;
				LastUpgradeCheck = 1000;
				ORGANIZATIONNAME = "Jared Sorge";
				TargetAttributes = {
					93EEEFE52102F266000FF7CD = {
						CreatedOnToolsVersion = 10.0;
					};
					93EEEFFE2102F2A6000FF7CD = {
						CreatedOnToolsVersion = 10.0;
					};
					93EEF0142102F2B8000FF7CD = {
						CreatedOnToolsVersion = 10.0;
					};
				};
			};
			buildConfigurationList = 93EEEFE12102F266000FF7CD /* Build configuration list for PBXProject "CompanyApps" */;
			compatibilityVersion = "Xcode 9.3";
			developmentRegion = en;
			hasScannedForEncodings = 0;
			knownRegions = (
				en,
				Base,
			);
			mainGroup = 93EEEFDD2102F266000FF7CD;
			productRefGroup = 93EEEFE72102F266000FF7CD /* Products */;
			projectDirPath = "";
			projectRoot = "";
			targets = (
				93EEEFE52102F266000FF7CD /* EmployeeApp */,
				93EEEFFE2102F2A6000FF7CD /* CustomerApp */,
				93EEF0142102F2B8000FF7CD /* SharedExtension */,
			);
		};
/* End PBXProject section */

/* Begin PBXResourcesBuildPhase section */
		93EEEFE42102F266000FF7CD /* Resources */ = {
			isa = PBXResourcesBuildPhase;
			buildActionMask = 2147483647;
			files = (
				93EEEFF42102F266000FF7CD /* LaunchScreen.storyboard in Resources */,
				93EEEFF12102F266000FF7CD /* Assets.xcassets in Resources */,
				93EEEFEF2102F266000FF7CD /* Main.storyboard in Resources */,
			);
			runOnlyForDeploymentPostprocessing = 0;
		};
		93EEEFFD2102F2A6000FF7CD /* Resources */ = {
			isa = PBXResourcesBuildPhase;
			buildActionMask = 2147483647;
			files = (
				93EEF00C2102F2A7000FF7CD /* LaunchScreen.storyboard in Resources */,
				93EEF0092102F2A7000FF7CD /* Assets.xcassets in Resources */,
				93EEF0072102F2A7000FF7CD /* Main.storyboard in Resources */,
			);
			runOnlyForDeploymentPostprocessing = 0;
		};
		93EEF0132102F2B8000FF7CD /* Resources */ = {
			isa = PBXResourcesBuildPhase;
			buildActionMask = 2147483647;
			files = (
				93EEF0262102F3D1000FF7CD /* resolve_infoplist.sh in Resources */,
			);
			runOnlyForDeploymentPostprocessing = 0;
		};
/* End PBXResourcesBuildPhase section */

/* Begin PBXShellScriptBuildPhase section */
		93EEF0272102F59A000FF7CD /* Resolve Extension Info.plist */ = {
			isa = PBXShellScriptBuildPhase;
			buildActionMask = 2147483647;
			files = (
			);
			inputFileListPaths = (
			);
			inputPaths = (
			);
			name = "Resolve Extension Info.plist";
			outputFileListPaths = (
			);
			outputPaths = (
			);
			runOnlyForDeploymentPostprocessing = 0;
			shellPath = /bin/sh;
			shellScript = "$SRCROOT/SharedExtension/resolve_infoplist.sh\n";
		};
		93EEF02C2102FA63000FF7CD /* Resolve Extension Info.plist */ = {
			isa = PBXShellScriptBuildPhase;
			buildActionMask = 2147483647;
			files = (
			);
			inputFileListPaths = (
			);
			inputPaths = (
			);
			name = "Resolve Extension Info.plist";
			outputFileListPaths = (
			);
			outputPaths = (
			);
			runOnlyForDeploymentPostprocessing = 0;
			shellPath = /bin/sh;
			shellScript = "$SRCROOT/SharedExtension/resolve_infoplist.sh\n";
		};
/* End PBXShellScriptBuildPhase section */

/* Begin PBXSourcesBuildPhase section */
		93EEEFE22102F266000FF7CD /* Sources */ = {
			isa = PBXSourcesBuildPhase;
			buildActionMask = 2147483647;
			files = (
				93EEEFEC2102F266000FF7CD /* ViewController.swift in Sources */,
				93EEEFEA2102F266000FF7CD /* AppDelegate.swift in Sources */,
			);
			runOnlyForDeploymentPostprocessing = 0;
		};
		93EEEFFB2102F2A6000FF7CD /* Sources */ = {
			isa = PBXSourcesBuildPhase;
			buildActionMask = 2147483647;
			files = (
				93EEF0042102F2A7000FF7CD /* ViewController.swift in Sources */,
				93EEF0022102F2A6000FF7CD /* AppDelegate.swift in Sources */,
			);
			runOnlyForDeploymentPostprocessing = 0;
		};
		93EEF0112102F2B8000FF7CD /* Sources */ = {
			isa = PBXSourcesBuildPhase;
			buildActionMask = 2147483647;
			files = (
				93EEF0182102F2B8000FF7CD /* NotificationService.swift in Sources */,
			);
			runOnlyForDeploymentPostprocessing = 0;
		};
/* End PBXSourcesBuildPhase section */

/* Begin PBXTargetDependency section */
		93EEF0232102F2C3000FF7CD /* PBXTargetDependency */ = {
			isa = PBXTargetDependency;
			target = 93EEF0142102F2B8000FF7CD /* SharedExtension */;
			targetProxy = 93EEF0222102F2C3000FF7CD /* PBXContainerItemProxy */;
		};
		93EEF02A2102FA46000FF7CD /* PBXTargetDependency */ = {
			isa = PBXTargetDependency;
			target = 93EEF0142102F2B8000FF7CD /* SharedExtension */;
			targetProxy = 93EEF0292102FA46000FF7CD /* PBXContainerItemProxy */;
		};
/* End PBXTargetDependency section */

/* Begin PBXVariantGroup section */
		93EEEFED2102F266000FF7CD /* Main.storyboard */ = {
			isa = PBXVariantGroup;
			children = (
				93EEEFEE2102F266000FF7CD /* Base */,
			);
			name = Main.storyboard;
			sourceTree = "<group>";
		};
		93EEEFF22102F266000FF7CD /* LaunchScreen.storyboard */ = {
			isa = PBXVariantGroup;
			children = (
				93EEEFF32102F266000FF7CD /* Base */,
			);
			name = LaunchScreen.storyboard;
			sourceTree = "<group>";
		};
		93EEF0052102F2A7000FF7CD /* Main.storyboard */ = {
			isa = PBXVariantGroup;
			children = (
				93EEF0062102F2A7000FF7CD /* Base */,
			);
			name = Main.storyboard;
			sourceTree = "<group>";
		};
		93EEF00A2102F2A7000FF7CD /* LaunchScreen.storyboard */ = {
			isa = PBXVariantGroup;
			children = (
				93EEF00B2102F2A7000FF7CD /* Base */,
			);
			name = LaunchScreen.storyboard;
			sourceTree = "<group>";
		};
/* End PBXVariantGroup section */

/* Begin XCBuildConfiguration section */
		93EEEFF62102F266000FF7CD /* Debug */ = {
			isa = XCBuildConfiguration;
			buildSettings = {
				ALWAYS_SEARCH_USER_PATHS = NO;
				CLANG_ANALYZER_NONNULL = YES;
				CLANG_ANALYZER_NUMBER_OBJECT_CONVERSION = YES_AGGRESSIVE;
				CLANG_CXX_LANGUAGE_STANDARD = "gnu++14";
				CLANG_CXX_LIBRARY = "libc++";
				CLANG_ENABLE_MODULES = YES;
				CLANG_ENABLE_OBJC_ARC = YES;
				CLANG_ENABLE_OBJC_WEAK = YES;
				CLANG_WARN_BLOCK_CAPTURE_AUTORELEASING = YES;
				CLANG_WARN_BOOL_CONVERSION = YES;
				CLANG_WARN_COMMA = YES;
				CLANG_WARN_CONSTANT_CONVERSION = YES;
				CLANG_WARN_DEPRECATED_OBJC_IMPLEMENTATIONS = YES;
				CLANG_WARN_DIRECT_OBJC_ISA_USAGE = YES_ERROR;
				CLANG_WARN_DOCUMENTATION_COMMENTS = YES;
				CLANG_WARN_EMPTY_BODY = YES;
				CLANG_WARN_ENUM_CONVERSION = YES;
				CLANG_WARN_INFINITE_RECURSION = YES;
				CLANG_WARN_INT_CONVERSION = YES;
				CLANG_WARN_NON_LITERAL_NULL_CONVERSION = YES;
				CLANG_WARN_OBJC_IMPLICIT_RETAIN_SELF = YES;
				CLANG_WARN_OBJC_LITERAL_CONVERSION = YES;
				CLANG_WARN_OBJC_ROOT_CLASS = YES_ERROR;
				CLANG_WARN_RANGE_LOOP_ANALYSIS = YES;
				CLANG_WARN_STRICT_PROTOTYPES = YES;
				CLANG_WARN_SUSPICIOUS_MOVE = YES;
				CLANG_WARN_UNGUARDED_AVAILABILITY = YES_AGGRESSIVE;
				CLANG_WARN_UNREACHABLE_CODE = YES;
				CLANG_WARN__DUPLICATE_METHOD_MATCH = YES;
				CODE_SIGN_IDENTITY = "iPhone Developer";
				COPY_PHASE_STRIP = NO;
				DEBUG_INFORMATION_FORMAT = dwarf;
				ENABLE_STRICT_OBJC_MSGSEND = YES;
				ENABLE_TESTABILITY = YES;
				GCC_C_LANGUAGE_STANDARD = gnu11;
				GCC_DYNAMIC_NO_PIC = NO;
				GCC_NO_COMMON_BLOCKS = YES;
				GCC_OPTIMIZATION_LEVEL = 0;
				GCC_PREPROCESSOR_DEFINITIONS = (
					"DEBUG=1",
					"$(inherited)",
				);
				GCC_WARN_64_TO_32_BIT_CONVERSION = YES;
				GCC_WARN_ABOUT_RETURN_TYPE = YES_ERROR;
				GCC_WARN_UNDECLARED_SELECTOR = YES;
				GCC_WARN_UNINITIALIZED_AUTOS = YES_AGGRESSIVE;
				GCC_WARN_UNUSED_FUNCTION = YES;
				GCC_WARN_UNUSED_VARIABLE = YES;
				IPHONEOS_DEPLOYMENT_TARGET = 12.0;
				MTL_ENABLE_DEBUG_INFO = INCLUDE_SOURCE;
				MTL_FAST_MATH = YES;
				ONLY_ACTIVE_ARCH = YES;
				SDKROOT = iphoneos;
				SWIFT_ACTIVE_COMPILATION_CONDITIONS = DEBUG;
				SWIFT_OPTIMIZATION_LEVEL = "-Onone";
			};
			name = Debug;
		};
		93EEEFF72102F266000FF7CD /* Release */ = {
			isa = XCBuildConfiguration;
			buildSettings = {
				ALWAYS_SEARCH_USER_PATHS = NO;
				CLANG_ANALYZER_NONNULL = YES;
				CLANG_ANALYZER_NUMBER_OBJECT_CONVERSION = YES_AGGRESSIVE;
				CLANG_CXX_LANGUAGE_STANDARD = "gnu++14";
				CLANG_CXX_LIBRARY = "libc++";
				CLANG_ENABLE_MODULES = YES;
				CLANG_ENABLE_OBJC_ARC = YES;
				CLANG_ENABLE_OBJC_WEAK = YES;
				CLANG_WARN_BLOCK_CAPTURE_AUTORELEASING = YES;
				CLANG_WARN_BOOL_CONVERSION = YES;
				CLANG_WARN_COMMA = YES;
				CLANG_WARN_CONSTANT_CONVERSION = YES;
				CLANG_WARN_DEPRECATED_OBJC_IMPLEMENTATIONS = YES;
				CLANG_WARN_DIRECT_OBJC_ISA_USAGE = YES_ERROR;
				CLANG_WARN_DOCUMENTATION_COMMENTS = YES;
				CLANG_WARN_EMPTY_BODY = YES;
				CLANG_WARN_ENUM_CONVERSION = YES;
				CLANG_WARN_INFINITE_RECURSION = YES;
				CLANG_WARN_INT_CONVERSION = YES;
				CLANG_WARN_NON_LITERAL_NULL_CONVERSION = YES;
				CLANG_WARN_OBJC_IMPLICIT_RETAIN_SELF = YES;
				CLANG_WARN_OBJC_LITERAL_CONVERSION = YES;
				CLANG_WARN_OBJC_ROOT_CLASS = YES_ERROR;
				CLANG_WARN_RANGE_LOOP_ANALYSIS = YES;
				CLANG_WARN_STRICT_PROTOTYPES = YES;
				CLANG_WARN_SUSPICIOUS_MOVE = YES;
				CLANG_WARN_UNGUARDED_AVAILABILITY = YES_AGGRESSIVE;
				CLANG_WARN_UNREACHABLE_CODE = YES;
				CLANG_WARN__DUPLICATE_METHOD_MATCH = YES;
				CODE_SIGN_IDENTITY = "iPhone Developer";
				COPY_PHASE_STRIP = NO;
				DEBUG_INFORMATION_FORMAT = "dwarf-with-dsym";
				ENABLE_NS_ASSERTIONS = NO;
				ENABLE_STRICT_OBJC_MSGSEND = YES;
				GCC_C_LANGUAGE_STANDARD = gnu11;
				GCC_NO_COMMON_BLOCKS = YES;
				GCC_WARN_64_TO_32_BIT_CONVERSION = YES;
				GCC_WARN_ABOUT_RETURN_TYPE = YES_ERROR;
				GCC_WARN_UNDECLARED_SELECTOR = YES;
				GCC_WARN_UNINITIALIZED_AUTOS = YES_AGGRESSIVE;
				GCC_WARN_UNUSED_FUNCTION = YES;
				GCC_WARN_UNUSED_VARIABLE = YES;
				IPHONEOS_DEPLOYMENT_TARGET = 12.0;
				MTL_ENABLE_DEBUG_INFO = NO;
				MTL_FAST_MATH = YES;
				SDKROOT = iphoneos;
				SWIFT_COMPILATION_MODE = wholemodule;
				SWIFT_OPTIMIZATION_LEVEL = "-O";
				VALIDATE_PRODUCT = YES;
			};
			name = Release;
		};
		93EEEFF92102F266000FF7CD /* Debug */ = {
			isa = XCBuildConfiguration;
			buildSettings = {
				ALWAYS_EMBED_SWIFT_STANDARD_LIBRARIES = YES;
				ASSETCATALOG_COMPILER_APPICON_NAME = AppIcon;
				BUILD_NUMBER_EMPLOYEE = 1;
				CODE_SIGN_STYLE = Automatic;
				DEVELOPMENT_TEAM = 58KMFZ5UGA;
				INFOPLIST_FILE = "$(SRCROOT)/EmployeeApp/Info.plist";
				IPHONEOS_DEPLOYMENT_TARGET = 11.4;
				IS_EMPLOYEE = YES;
				LD_RUNPATH_SEARCH_PATHS = (
					"$(inherited)",
					"@executable_path/Frameworks",
				);
				PRODUCT_BUNDLE_IDENTIFIER = io.taphouse.EmployeeApp;
				PRODUCT_NAME = "$(TARGET_NAME)";
				SWIFT_VERSION = 4.2;
				TARGETED_DEVICE_FAMILY = "1,2";
				VERSION_EMPLOYEE = 0.1;
			};
			name = Debug;
		};
		93EEEFFA2102F266000FF7CD /* Release */ = {
			isa = XCBuildConfiguration;
			buildSettings = {
				ALWAYS_EMBED_SWIFT_STANDARD_LIBRARIES = YES;
				ASSETCATALOG_COMPILER_APPICON_NAME = AppIcon;
				BUILD_NUMBER_EMPLOYEE = 1;
				CODE_SIGN_STYLE = Automatic;
				DEVELOPMENT_TEAM = 58KMFZ5UGA;
				INFOPLIST_FILE = "$(SRCROOT)/EmployeeApp/Info.plist";
				IPHONEOS_DEPLOYMENT_TARGET = 11.4;
				IS_EMPLOYEE = YES;
				LD_RUNPATH_SEARCH_PATHS = (
					"$(inherited)",
					"@executable_path/Frameworks",
				);
				PRODUCT_BUNDLE_IDENTIFIER = io.taphouse.EmployeeApp;
				PRODUCT_NAME = "$(TARGET_NAME)";
				SWIFT_VERSION = 4.2;
				TARGETED_DEVICE_FAMILY = "1,2";
				VERSION_EMPLOYEE = 0.1;
			};
			name = Release;
		};
		93EEF00F2102F2A7000FF7CD /* Debug */ = {
			isa = XCBuildConfiguration;
			buildSettings = {
				ALWAYS_EMBED_SWIFT_STANDARD_LIBRARIES = YES;
				ASSETCATALOG_COMPILER_APPICON_NAME = AppIcon;
				BUILD_NUMBER_CUSTOMER = 51;
				CODE_SIGN_STYLE = Automatic;
				DEVELOPMENT_TEAM = 58KMFZ5UGA;
				INFOPLIST_FILE = CustomerApp/Info.plist;
				IPHONEOS_DEPLOYMENT_TARGET = 11.4;
				LD_RUNPATH_SEARCH_PATHS = (
					"$(inherited)",
					"@executable_path/Frameworks",
				);
				PRODUCT_BUNDLE_IDENTIFIER = io.taphouse.CustomerApp;
				PRODUCT_NAME = "$(TARGET_NAME)";
				SWIFT_VERSION = 4.2;
				TARGETED_DEVICE_FAMILY = "1,2";
				VERSION_CUSTOMER = 1001;
			};
			name = Debug;
		};
		93EEF0102102F2A7000FF7CD /* Release */ = {
			isa = XCBuildConfiguration;
			buildSettings = {
				ALWAYS_EMBED_SWIFT_STANDARD_LIBRARIES = YES;
				ASSETCATALOG_COMPILER_APPICON_NAME = AppIcon;
				BUILD_NUMBER_CUSTOMER = 51;
				CODE_SIGN_STYLE = Automatic;
				DEVELOPMENT_TEAM = 58KMFZ5UGA;
				INFOPLIST_FILE = CustomerApp/Info.plist;
				IPHONEOS_DEPLOYMENT_TARGET = 11.4;
				LD_RUNPATH_SEARCH_PATHS = (
					"$(inherited)",
					"@executable_path/Frameworks",
				);
				PRODUCT_BUNDLE_IDENTIFIER = io.taphouse.CustomerApp;
				PRODUCT_NAME = "$(TARGET_NAME)";
				SWIFT_VERSION = 4.2;
				TARGETED_DEVICE_FAMILY = "1,2";
				VERSION_CUSTOMER = 1001;
			};
			name = Release;
		};
		93EEF01E2102F2B8000FF7CD /* Debug */ = {
			isa = XCBuildConfiguration;
			buildSettings = {
				CODE_SIGN_STYLE = Automatic;
				DEVELOPMENT_TEAM = 58KMFZ5UGA;
				INFOPLIST_FILE = SharedExtension/Info.plist;
				IPHONEOS_DEPLOYMENT_TARGET = 11.4;
				LD_RUNPATH_SEARCH_PATHS = (
					"$(inherited)",
					"@executable_path/Frameworks",
					"@executable_path/../../Frameworks",
				);
				PRODUCT_BUNDLE_IDENTIFIER = replaceme;
				PRODUCT_NAME = "$(TARGET_NAME)";
				SKIP_INSTALL = YES;
				SWIFT_VERSION = 4.2;
				TARGETED_DEVICE_FAMILY = "1,2";
			};
			name = Debug;
		};
		93EEF01F2102F2B8000FF7CD /* Release */ = {
			isa = XCBuildConfiguration;
			buildSettings = {
				CODE_SIGN_STYLE = Automatic;
				DEVELOPMENT_TEAM = 58KMFZ5UGA;
				INFOPLIST_FILE = SharedExtension/Info.plist;
				IPHONEOS_DEPLOYMENT_TARGET = 11.4;
				LD_RUNPATH_SEARCH_PATHS = (
					"$(inherited)",
					"@executable_path/Frameworks",
					"@executable_path/../../Frameworks",
				);
				PRODUCT_BUNDLE_IDENTIFIER = replaceme;
				PRODUCT_NAME = "$(TARGET_NAME)";
				SKIP_INSTALL = YES;
				SWIFT_VERSION = 4.2;
				TARGETED_DEVICE_FAMILY = "1,2";
			};
			name = Release;
		};
/* End XCBuildConfiguration section */

/* Begin XCConfigurationList section */
		93EEEFE12102F266000FF7CD /* Build configuration list for PBXProject "CompanyApps" */ = {
			isa = XCConfigurationList;
			buildConfigurations = (
				93EEEFF62102F266000FF7CD /* Debug */,
				93EEEFF72102F266000FF7CD /* Release */,
			);
			defaultConfigurationIsVisible = 0;
			defaultConfigurationName = Release;
		};
		93EEEFF82102F266000FF7CD /* Build configuration list for PBXNativeTarget "EmployeeApp" */ = {
			isa = XCConfigurationList;
			buildConfigurations = (
				93EEEFF92102F266000FF7CD /* Debug */,
				93EEEFFA2102F266000FF7CD /* Release */,
			);
			defaultConfigurationIsVisible = 0;
			defaultConfigurationName = Release;
		};
		93EEF00E2102F2A7000FF7CD /* Build configuration list for PBXNativeTarget "CustomerApp" */ = {
			isa = XCConfigurationList;
			buildConfigurations = (
				93EEF00F2102F2A7000FF7CD /* Debug */,
				93EEF0102102F2A7000FF7CD /* Release */,
			);
			defaultConfigurationIsVisible = 0;
			defaultConfigurationName = Release;
		};
		93EEF01D2102F2B8000FF7CD /* Build configuration list for PBXNativeTarget "SharedExtension" */ = {
			isa = XCConfigurationList;
			buildConfigurations = (
				93EEF01E2102F2B8000FF7CD /* Debug */,
				93EEF01F2102F2B8000FF7CD /* Release */,
			);
			defaultConfigurationIsVisible = 0;
			defaultConfigurationName = Release;
		};
/* End XCConfigurationList section */
	};
	rootObject = 93EEEFDE2102F266000FF7CD /* Project object */;
}
